PODS:
  - AFNetworking (4.0.1):
    - AFNetworking/NSURLSession (= 4.0.1)
    - AFNetworking/Reachability (= 4.0.1)
    - AFNetworking/Security (= 4.0.1)
    - AFNetworking/Serialization (= 4.0.1)
    - AFNetworking/UIKit (= 4.0.1)
  - AFNetworking/NSURLSession (4.0.1):
    - AFNetworking/Reachability
    - AFNetworking/Security
    - AFNetworking/Serialization
  - AFNetworking/Reachability (4.0.1)
  - AFNetworking/Security (4.0.1)
  - AFNetworking/Serialization (4.0.1)
  - AFNetworking/UIKit (4.0.1):
    - AFNetworking/NSURLSession
  - BRPickerView (2.7.6):
    - BRPickerView/AddressPickerView (= 2.7.6)
    - BRPickerView/Base (= 2.7.6)
    - BRPickerView/DatePickerView (= 2.7.6)
    - BRPickerView/StringPickerView (= 2.7.6)
  - BRPickerView/AddressPickerView (2.7.6):
    - BRPickerView/Base
  - BRPickerView/Base (2.7.6)
  - BRPickerView/DatePickerView (2.7.6):
    - BRPickerView/Base
  - BRPickerView/StringPickerView (2.7.6):
    - BRPickerView/Base
  - Bugly (2.5.91)
  - iOS-Echarts (1.4.4)
  - IQKeyboardManager (6.5.9)
  - Masonry (1.1.0)
  - MBProgressHUD (1.2.0)
  - MJExtension (3.4.1)
  - MJRefresh (3.7.5)
  - MLLabel (1.10.5)
  - SDWebImage (5.12.1):
    - SDWebImage/Core (= 5.12.1)
  - SDWebImage/Core (5.12.1)
  - SGPagingView (1.7.2)
  - WMZCode (1.0.1)

DEPENDENCIES:
  - AFNetworking
  - BRPickerView
  - Bugly
  - iOS-Echarts
  - IQKeyboardManager
  - Masonry
  - MBProgressHUD
  - MJExtension
  - MJRefresh
  - MLLabel
  - SDWebImage
  - SGPagingView (~> 1.7.2)
  - WMZCode

SPEC REPOS:
  trunk:
    - AFNetworking
    - BRPickerView
    - Bugly
    - iOS-Echarts
    - IQKeyboardManager
    - Masonry
    - MBProgressHUD
    - MJExtension
    - MJRefresh
    - MLLabel
    - SDWebImage
    - SGPagingView
    - WMZCode

SPEC CHECKSUMS:
  AFNetworking: 7864c38297c79aaca1500c33288e429c3451fdce
  BRPickerView: 2a1620caf218e37a3aca9626732719a419928b15
  Bugly: afe841bba2ea6de6d432a3c125240a5e75949c55
  iOS-Echarts: dbc7423d861e5eedee78906a39d205b5c4da9a13
  IQKeyboardManager: 241cc94ccabc9deb8f8bd7d12f00d73288d13ecc
  Masonry: 678fab65091a9290e40e2832a55e7ab731aad201
  MBProgressHUD: 3ee5efcc380f6a79a7cc9b363dd669c5e1ae7406
  MJExtension: 21c5f6f8c4d5d8844b7ae8fbae08fed0b501f961
  MJRefresh: fdf5e979eb406a0341468932d1dfc8b7f9fce961
  MLLabel: d76124055a2205e7f76878e62cd06ba925ba0c97
  SDWebImage: 4dc3e42d9ec0c1028b960a33ac6b637bb432207b
  SGPagingView: 0b91bd360370e56a6496b06df9b3e28bc3f075cc
  WMZCode: af49031a787947dad474f6dba23270a2600d8124

PODFILE CHECKSUM: 7489e7837be800d7548e5ca1b71a62465b21eb6c

COCOAPODS: 1.11.3
